// !$*UTF8*$!
{
	archiveVersion = 1;
	classes = {
	};
	objectVersion = 56;
	objects = {

/* Begin PBXBuildFile section */
		7DEB2B742BA15749008B9425 /* LittleLemonFinalApp.swift in Sources */ = {isa = PBXBuildFile; fileRef = 7DEB2B732BA15749008B9425 /* LittleLemonFinalApp.swift */; };
		7DEB2B762BA15749008B9425 /* ContentView.swift in Sources */ = {isa = PBXBuildFile; fileRef = 7DEB2B752BA15749008B9425 /* ContentView.swift */; };
		7DEB2B782BA1574A008B9425 /* Assets.xcassets in Resources */ = {isa = PBXBuildFile; fileRef = 7DEB2B772BA1574A008B9425 /* Assets.xcassets */; };
		7DEB2B7B2BA1574A008B9425 /* Preview Assets.xcassets in Resources */ = {isa = PBXBuildFile; fileRef = 7DEB2B7A2BA1574A008B9425 /* Preview Assets.xcassets */; };
		7DEB2B7D2BA1574A008B9425 /* Persistence.swift in Sources */ = {isa = PBXBuildFile; fileRef = 7DEB2B7C2BA1574A008B9425 /* Persistence.swift */; };
		7DEB2B802BA1574A008B9425 /* LittleLemonFinal.xcdatamodeld in Sources */ = {isa = PBXBuildFile; fileRef = 7DEB2B7E2BA1574A008B9425 /* LittleLemonFinal.xcdatamodeld */; };
		7DEB2B8A2BA1574B008B9425 /* LittleLemonFinalTests.swift in Sources */ = {isa = PBXBuildFile; fileRef = 7DEB2B892BA1574B008B9425 /* LittleLemonFinalTests.swift */; };
		7DEB2B942BA1574B008B9425 /* LittleLemonFinalUITests.swift in Sources */ = {isa = PBXBuildFile; fileRef = 7DEB2B932BA1574B008B9425 /* LittleLemonFinalUITests.swift */; };
		7DEB2B962BA1574B008B9425 /* LittleLemonFinalUITestsLaunchTests.swift in Sources */ = {isa = PBXBuildFile; fileRef = 7DEB2B952BA1574B008B9425 /* LittleLemonFinalUITestsLaunchTests.swift */; };
		7DFEA4F22BAA0F1200D31CE6 /* Onboarding.swift in Sources */ = {isa = PBXBuildFile; fileRef = 7DFEA4F12BAA0F1200D31CE6 /* Onboarding.swift */; };
		7DFEA4F42BABB1D200D31CE6 /* Home.swift in Sources */ = {isa = PBXBuildFile; fileRef = 7DFEA4F32BABB1D200D31CE6 /* Home.swift */; };
		7DFEA4F62BABB20700D31CE6 /* Menu.swift in Sources */ = {isa = PBXBuildFile; fileRef = 7DFEA4F52BABB20700D31CE6 /* Menu.swift */; };
		7DFEA4F82BABB7FC00D31CE6 /* UserProfile.swift in Sources */ = {isa = PBXBuildFile; fileRef = 7DFEA4F72BABB7FC00D31CE6 /* UserProfile.swift */; };
/* End PBXBuildFile section */

/* Begin PBXContainerItemProxy section */
		7DEB2B862BA1574B008B9425 /* PBXContainerItemProxy */ = {
			isa = PBXContainerItemProxy;
			containerPortal = 7DEB2B682BA15749008B9425 /* Project object */;
			proxyType = 1;
			remoteGlobalIDString = 7DEB2B6F2BA15749008B9425;
			remoteInfo = LittleLemonFinal;
		};
		7DEB2B902BA1574B008B9425 /* PBXContainerItemProxy */ = {
			isa = PBXContainerItemProxy;
			containerPortal = 7DEB2B682BA15749008B9425 /* Project object */;
			proxyType = 1;
			remoteGlobalIDString = 7DEB2B6F2BA15749008B9425;
			remoteInfo = LittleLemonFinal;
		};
/* End PBXContainerItemProxy section */

/* Begin PBXFileReference section */
		7DEB2B702BA15749008B9425 /* LittleLemonFinal.app */ = {isa = PBXFileReference; explicitFileType = wrapper.application; includeInIndex = 0; path = LittleLemonFinal.app; sourceTree = BUILT_PRODUCTS_DIR; };
		7DEB2B732BA15749008B9425 /* LittleLemonFinalApp.swift */ = {isa = PBXFileReference; lastKnownFileType = sourcecode.swift; path = LittleLemonFinalApp.swift; sourceTree = "<group>"; };
		7DEB2B752BA15749008B9425 /* ContentView.swift */ = {isa = PBXFileReference; lastKnownFileType = sourcecode.swift; path = ContentView.swift; sourceTree = "<group>"; };
		7DEB2B772BA1574A008B9425 /* Assets.xcassets */ = {isa = PBXFileReference; lastKnownFileType = folder.assetcatalog; path = Assets.xcassets; sourceTree = "<group>"; };
		7DEB2B7A2BA1574A008B9425 /* Preview Assets.xcassets */ = {isa = PBXFileReference; lastKnownFileType = folder.assetcatalog; path = "Preview Assets.xcassets"; sourceTree = "<group>"; };
		7DEB2B7C2BA1574A008B9425 /* Persistence.swift */ = {isa = PBXFileReference; lastKnownFileType = sourcecode.swift; path = Persistence.swift; sourceTree = "<group>"; };
		7DEB2B7F2BA1574A008B9425 /* LittleLemonFinal.xcdatamodel */ = {isa = PBXFileReference; lastKnownFileType = wrapper.xcdatamodel; path = LittleLemonFinal.xcdatamodel; sourceTree = "<group>"; };
		7DEB2B852BA1574B008B9425 /* LittleLemonFinalTests.xctest */ = {isa = PBXFileReference; explicitFileType = wrapper.cfbundle; includeInIndex = 0; path = LittleLemonFinalTests.xctest; sourceTree = BUILT_PRODUCTS_DIR; };
		7DEB2B892BA1574B008B9425 /* LittleLemonFinalTests.swift */ = {isa = PBXFileReference; lastKnownFileType = sourcecode.swift; path = LittleLemonFinalTests.swift; sourceTree = "<group>"; };
		7DEB2B8F2BA1574B008B9425 /* LittleLemonFinalUITests.xctest */ = {isa = PBXFileReference; explicitFileType = wrapper.cfbundle; includeInIndex = 0; path = LittleLemonFinalUITests.xctest; sourceTree = BUILT_PRODUCTS_DIR; };
		7DEB2B932BA1574B008B9425 /* LittleLemonFinalUITests.swift */ = {isa = PBXFileReference; lastKnownFileType = sourcecode.swift; path = LittleLemonFinalUITests.swift; sourceTree = "<group>"; };
		7DEB2B952BA1574B008B9425 /* LittleLemonFinalUITestsLaunchTests.swift */ = {isa = PBXFileReference; lastKnownFileType = sourcecode.swift; path = LittleLemonFinalUITestsLaunchTests.swift; sourceTree = "<group>"; };
		7DFEA4F12BAA0F1200D31CE6 /* Onboarding.swift */ = {isa = PBXFileReference; lastKnownFileType = sourcecode.swift; path = Onboarding.swift; sourceTree = "<group>"; };
		7DFEA4F32BABB1D200D31CE6 /* Home.swift */ = {isa = PBXFileReference; lastKnownFileType = sourcecode.swift; path = Home.swift; sourceTree = "<group>"; };
		7DFEA4F52BABB20700D31CE6 /* Menu.swift */ = {isa = PBXFileReference; lastKnownFileType = sourcecode.swift; path = Menu.swift; sourceTree = "<group>"; };
		7DFEA4F72BABB7FC00D31CE6 /* UserProfile.swift */ = {isa = PBXFileReference; lastKnownFileType = sourcecode.swift; path = UserProfile.swift; sourceTree = "<group>"; };
/* End PBXFileReference section */

/* Begin PBXFrameworksBuildPhase section */
		7DEB2B6D2BA15749008B9425 /* Frameworks */ = {
			isa = PBXFrameworksBuildPhase;
			buildActionMask = 2147483647;
			files = (
			);
			runOnlyForDeploymentPostprocessing = 0;
		};
		7DEB2B822BA1574B008B9425 /* Frameworks */ = {
			isa = PBXFrameworksBuildPhase;
			buildActionMask = 2147483647;
			files = (
			);
			runOnlyForDeploymentPostprocessing = 0;
		};
		7DEB2B8C2BA1574B008B9425 /* Frameworks */ = {
			isa = PBXFrameworksBuildPhase;
			buildActionMask = 2147483647;
			files = (
			);
			runOnlyForDeploymentPostprocessing = 0;
		};
/* End PBXFrameworksBuildPhase section */

/* Begin PBXGroup section */
		7DEB2B672BA15749008B9425 = {
			isa = PBXGroup;
			children = (
				7DEB2B722BA15749008B9425 /* LittleLemonFinal */,
				7DEB2B882BA1574B008B9425 /* LittleLemonFinalTests */,
				7DEB2B922BA1574B008B9425 /* LittleLemonFinalUITests */,
				7DEB2B712BA15749008B9425 /* Products */,
			);
			sourceTree = "<group>";
		};
		7DEB2B712BA15749008B9425 /* Products */ = {
			isa = PBXGroup;
			children = (
				7DEB2B702BA15749008B9425 /* LittleLemonFinal.app */,
				7DEB2B852BA1574B008B9425 /* LittleLemonFinalTests.xctest */,
				7DEB2B8F2BA1574B008B9425 /* LittleLemonFinalUITests.xctest */,
			);
			name = Products;
			sourceTree = "<group>";
		};
		7DEB2B722BA15749008B9425 /* LittleLemonFinal */ = {
			isa = PBXGroup;
			children = (
				7DEB2B732BA15749008B9425 /* LittleLemonFinalApp.swift */,
				7DEB2B752BA15749008B9425 /* ContentView.swift */,
				7DEB2B772BA1574A008B9425 /* Assets.xcassets */,
				7DEB2B7C2BA1574A008B9425 /* Persistence.swift */,
				7DEB2B7E2BA1574A008B9425 /* LittleLemonFinal.xcdatamodeld */,
				7DEB2B792BA1574A008B9425 /* Preview Content */,
				7DFEA4F12BAA0F1200D31CE6 /* Onboarding.swift */,
				7DFEA4F32BABB1D200D31CE6 /* Home.swift */,
				7DFEA4F52BABB20700D31CE6 /* Menu.swift */,
				7DFEA4F72BABB7FC00D31CE6 /* UserProfile.swift */,
			);
			path = LittleLemonFinal;
			sourceTree = "<group>";
		};
		7DEB2B792BA1574A008B9425 /* Preview Content */ = {
			isa = PBXGroup;
			children = (
				7DEB2B7A2BA1574A008B9425 /* Preview Assets.xcassets */,
			);
			path = "Preview Content";
			sourceTree = "<group>";
		};
		7DEB2B882BA1574B008B9425 /* LittleLemonFinalTests */ = {
			isa = PBXGroup;
			children = (
				7DEB2B892BA1574B008B9425 /* LittleLemonFinalTests.swift */,
			);
			path = LittleLemonFinalTests;
			sourceTree = "<group>";
		};
		7DEB2B922BA1574B008B9425 /* LittleLemonFinalUITests */ = {
			isa = PBXGroup;
			children = (
				7DEB2B932BA1574B008B9425 /* LittleLemonFinalUITests.swift */,
				7DEB2B952BA1574B008B9425 /* LittleLemonFinalUITestsLaunchTests.swift */,
			);
			path = LittleLemonFinalUITests;
			sourceTree = "<group>";
		};
/* End PBXGroup section */

/* Begin PBXNativeTarget section */
		7DEB2B6F2BA15749008B9425 /* LittleLemonFinal */ = {
			isa = PBXNativeTarget;
			buildConfigurationList = 7DEB2B992BA1574B008B9425 /* Build configuration list for PBXNativeTarget "LittleLemonFinal" */;
			buildPhases = (
				7DEB2B6C2BA15749008B9425 /* Sources */,
				7DEB2B6D2BA15749008B9425 /* Frameworks */,
				7DEB2B6E2BA15749008B9425 /* Resources */,
			);
			buildRules = (
			);
			dependencies = (
			);
			name = LittleLemonFinal;
			productName = LittleLemonFinal;
			productReference = 7DEB2B702BA15749008B9425 /* LittleLemonFinal.app */;
			productType = "com.apple.product-type.application";
		};
		7DEB2B842BA1574B008B9425 /* LittleLemonFinalTests */ = {
			isa = PBXNativeTarget;
			buildConfigurationList = 7DEB2B9C2BA1574B008B9425 /* Build configuration list for PBXNativeTarget "LittleLemonFinalTests" */;
			buildPhases = (
				7DEB2B812BA1574B008B9425 /* Sources */,
				7DEB2B822BA1574B008B9425 /* Frameworks */,
				7DEB2B832BA1574B008B9425 /* Resources */,
			);
			buildRules = (
			);
			dependencies = (
				7DEB2B872BA1574B008B9425 /* PBXTargetDependency */,
			);
			name = LittleLemonFinalTests;
			productName = LittleLemonFinalTests;
			productReference = 7DEB2B852BA1574B008B9425 /* LittleLemonFinalTests.xctest */;
			productType = "com.apple.product-type.bundle.unit-test";
		};
		7DEB2B8E2BA1574B008B9425 /* LittleLemonFinalUITests */ = {
			isa = PBXNativeTarget;
			buildConfigurationList = 7DEB2B9F2BA1574B008B9425 /* Build configuration list for PBXNativeTarget "LittleLemonFinalUITests" */;
			buildPhases = (
				7DEB2B8B2BA1574B008B9425 /* Sources */,
				7DEB2B8C2BA1574B008B9425 /* Frameworks */,
				7DEB2B8D2BA1574B008B9425 /* Resources */,
			);
			buildRules = (
			);
			dependencies = (
				7DEB2B912BA1574B008B9425 /* PBXTargetDependency */,
			);
			name = LittleLemonFinalUITests;
			productName = LittleLemonFinalUITests;
			productReference = 7DEB2B8F2BA1574B008B9425 /* LittleLemonFinalUITests.xctest */;
			productType = "com.apple.product-type.bundle.ui-testing";
		};
/* End PBXNativeTarget section */

/* Begin PBXProject section */
		7DEB2B682BA15749008B9425 /* Project object */ = {
			isa = PBXProject;
			attributes = {
				BuildIndependentTargetsInParallel = 1;
				LastSwiftUpdateCheck = 1530;
				LastUpgradeCheck = 1530;
				TargetAttributes = {
					7DEB2B6F2BA15749008B9425 = {
						CreatedOnToolsVersion = 15.3;
					};
					7DEB2B842BA1574B008B9425 = {
						CreatedOnToolsVersion = 15.3;
						TestTargetID = 7DEB2B6F2BA15749008B9425;
					};
					7DEB2B8E2BA1574B008B9425 = {
						CreatedOnToolsVersion = 15.3;
						TestTargetID = 7DEB2B6F2BA15749008B9425;
					};
				};
			};
			buildConfigurationList = 7DEB2B6B2BA15749008B9425 /* Build configuration list for PBXProject "LittleLemonFinal" */;
			compatibilityVersion = "Xcode 14.0";
			developmentRegion = en;
			hasScannedForEncodings = 0;
			knownRegions = (
				en,
				Base,
			);
			mainGroup = 7DEB2B672BA15749008B9425;
			productRefGroup = 7DEB2B712BA15749008B9425 /* Products */;
			projectDirPath = "";
			projectRoot = "";
			targets = (
				7DEB2B6F2BA15749008B9425 /* LittleLemonFinal */,
				7DEB2B842BA1574B008B9425 /* LittleLemonFinalTests */,
				7DEB2B8E2BA1574B008B9425 /* LittleLemonFinalUITests */,
			);
		};
/* End PBXProject section */

/* Begin PBXResourcesBuildPhase section */
		7DEB2B6E2BA15749008B9425 /* Resources */ = {
			isa = PBXResourcesBuildPhase;
			buildActionMask = 2147483647;
			files = (
				7DEB2B7B2BA1574A008B9425 /* Preview Assets.xcassets in Resources */,
				7DEB2B782BA1574A008B9425 /* Assets.xcassets in Resources */,
			);
			runOnlyForDeploymentPostprocessing = 0;
		};
		7DEB2B832BA1574B008B9425 /* Resources */ = {
			isa = PBXResourcesBuildPhase;
			buildActionMask = 2147483647;
			files = (
			);
			runOnlyForDeploymentPostprocessing = 0;
		};
		7DEB2B8D2BA1574B008B9425 /* Resources */ = {
			isa = PBXResourcesBuildPhase;
			buildActionMask = 2147483647;
			files = (
			);
			runOnlyForDeploymentPostprocessing = 0;
		};
/* End PBXResourcesBuildPhase section */

/* Begin PBXSourcesBuildPhase section */
		7DEB2B6C2BA15749008B9425 /* Sources */ = {
			isa = PBXSourcesBuildPhase;
			buildActionMask = 2147483647;
			files = (
				7DEB2B802BA1574A008B9425 /* LittleLemonFinal.xcdatamodeld in Sources */,
				7DEB2B7D2BA1574A008B9425 /* Persistence.swift in Sources */,
				7DFEA4F62BABB20700D31CE6 /* Menu.swift in Sources */,
				7DFEA4F22BAA0F1200D31CE6 /* Onboarding.swift in Sources */,
				7DFEA4F82BABB7FC00D31CE6 /* UserProfile.swift in Sources */,
				7DEB2B762BA15749008B9425 /* ContentView.swift in Sources */,
				7DFEA4F42BABB1D200D31CE6 /* Home.swift in Sources */,
				7DEB2B742BA15749008B9425 /* LittleLemonFinalApp.swift in Sources */,
			);
			runOnlyForDeploymentPostprocessing = 0;
		};
		7DEB2B812BA1574B008B9425 /* Sources */ = {
			isa = PBXSourcesBuildPhase;
			buildActionMask = 2147483647;
			files = (
				7DEB2B8A2BA1574B008B9425 /* LittleLemonFinalTests.swift in Sources */,
			);
			runOnlyForDeploymentPostprocessing = 0;
		};
		7DEB2B8B2BA1574B008B9425 /* Sources */ = {
			isa = PBXSourcesBuildPhase;
			buildActionMask = 2147483647;
			files = (
				7DEB2B942BA1574B008B9425 /* LittleLemonFinalUITests.swift in Sources */,
				7DEB2B962BA1574B008B9425 /* LittleLemonFinalUITestsLaunchTests.swift in Sources */,
			);
			runOnlyForDeploymentPostprocessing = 0;
		};
/* End PBXSourcesBuildPhase section */

/* Begin PBXTargetDependency section */
		7DEB2B872BA1574B008B9425 /* PBXTargetDependency */ = {
			isa = PBXTargetDependency;
			target = 7DEB2B6F2BA15749008B9425 /* LittleLemonFinal */;
			targetProxy = 7DEB2B862BA1574B008B9425 /* PBXContainerItemProxy */;
		};
		7DEB2B912BA1574B008B9425 /* PBXTargetDependency */ = {
			isa = PBXTargetDependency;
			target = 7DEB2B6F2BA15749008B9425 /* LittleLemonFinal */;
			targetProxy = 7DEB2B902BA1574B008B9425 /* PBXContainerItemProxy */;
		};
/* End PBXTargetDependency section */

/* Begin XCBuildConfiguration section */
		7DEB2B972BA1574B008B9425 /* Debug */ = {
			isa = XCBuildConfiguration;
			buildSettings = {
				ALWAYS_SEARCH_USER_PATHS = NO;
				ASSETCATALOG_COMPILER_GENERATE_SWIFT_ASSET_SYMBOL_EXTENSIONS = YES;
				CLANG_ANALYZER_NONNULL = YES;
				CLANG_ANALYZER_NUMBER_OBJECT_CONVERSION = YES_AGGRESSIVE;
				CLANG_CXX_LANGUAGE_STANDARD = "gnu++20";
				CLANG_ENABLE_MODULES = YES;
				CLANG_ENABLE_OBJC_ARC = YES;
				CLANG_ENABLE_OBJC_WEAK = YES;
				CLANG_WARN_BLOCK_CAPTURE_AUTORELEASING = YES;
				CLANG_WARN_BOOL_CONVERSION = YES;
				CLANG_WARN_COMMA = YES;
				CLANG_WARN_CONSTANT_CONVERSION = YES;
				CLANG_WARN_DEPRECATED_OBJC_IMPLEMENTATIONS = YES;
				CLANG_WARN_DIRECT_OBJC_ISA_USAGE = YES_ERROR;
				CLANG_WARN_DOCUMENTATION_COMMENTS = YES;
				CLANG_WARN_EMPTY_BODY = YES;
				CLANG_WARN_ENUM_CONVERSION = YES;
				CLANG_WARN_INFINITE_RECURSION = YES;
				CLANG_WARN_INT_CONVERSION = YES;
				CLANG_WARN_NON_LITERAL_NULL_CONVERSION = YES;
				CLANG_WARN_OBJC_IMPLICIT_RETAIN_SELF = YES;
				CLANG_WARN_OBJC_LITERAL_CONVERSION = YES;
				CLANG_WARN_OBJC_ROOT_CLASS = YES_ERROR;
				CLANG_WARN_QUOTED_INCLUDE_IN_FRAMEWORK_HEADER = YES;
				CLANG_WARN_RANGE_LOOP_ANALYSIS = YES;
				CLANG_WARN_STRICT_PROTOTYPES = YES;
				CLANG_WARN_SUSPICIOUS_MOVE = YES;
				CLANG_WARN_UNGUARDED_AVAILABILITY = YES_AGGRESSIVE;
				CLANG_WARN_UNREACHABLE_CODE = YES;
				CLANG_WARN__DUPLICATE_METHOD_MATCH = YES;
				COPY_PHASE_STRIP = NO;
				DEBUG_INFORMATION_FORMAT = dwarf;
				ENABLE_STRICT_OBJC_MSGSEND = YES;
				ENABLE_TESTABILITY = YES;
				ENABLE_USER_SCRIPT_SANDBOXING = YES;
				GCC_C_LANGUAGE_STANDARD = gnu17;
				GCC_DYNAMIC_NO_PIC = NO;
				GCC_NO_COMMON_BLOCKS = YES;
				GCC_OPTIMIZATION_LEVEL = 0;
				GCC_PREPROCESSOR_DEFINITIONS = (
					"DEBUG=1",
					"$(inherited)",
				);
				GCC_WARN_64_TO_32_BIT_CONVERSION = YES;
				GCC_WARN_ABOUT_RETURN_TYPE = YES_ERROR;
				GCC_WARN_UNDECLARED_SELECTOR = YES;
				GCC_WARN_UNINITIALIZED_AUTOS = YES_AGGRESSIVE;
				GCC_WARN_UNUSED_FUNCTION = YES;
				GCC_WARN_UNUSED_VARIABLE = YES;
				IPHONEOS_DEPLOYMENT_TARGET = 17.4;
				LOCALIZATION_PREFERS_STRING_CATALOGS = YES;
				MTL_ENABLE_DEBUG_INFO = INCLUDE_SOURCE;
				MTL_FAST_MATH = YES;
				ONLY_ACTIVE_ARCH = YES;
				SDKROOT = iphoneos;
				SWIFT_ACTIVE_COMPILATION_CONDITIONS = "DEBUG $(inherited)";
				SWIFT_OPTIMIZATION_LEVEL = "-Onone";
			};
			name = Debug;
		};
		7DEB2B982BA1574B008B9425 /* Release */ = {
			isa = XCBuildConfiguration;
			buildSettings = {
				ALWAYS_SEARCH_USER_PATHS = NO;
				ASSETCATALOG_COMPILER_GENERATE_SWIFT_ASSET_SYMBOL_EXTENSIONS = YES;
				CLANG_ANALYZER_NONNULL = YES;
				CLANG_ANALYZER_NUMBER_OBJECT_CONVERSION = YES_AGGRESSIVE;
				CLANG_CXX_LANGUAGE_STANDARD = "gnu++20";
				CLANG_ENABLE_MODULES = YES;
				CLANG_ENABLE_OBJC_ARC = YES;
				CLANG_ENABLE_OBJC_WEAK = YES;
				CLANG_WARN_BLOCK_CAPTURE_AUTORELEASING = YES;
				CLANG_WARN_BOOL_CONVERSION = YES;
				CLANG_WARN_COMMA = YES;
				CLANG_WARN_CONSTANT_CONVERSION = YES;
				CLANG_WARN_DEPRECATED_OBJC_IMPLEMENTATIONS = YES;
				CLANG_WARN_DIRECT_OBJC_ISA_USAGE = YES_ERROR;
				CLANG_WARN_DOCUMENTATION_COMMENTS = YES;
				CLANG_WARN_EMPTY_BODY = YES;
				CLANG_WARN_ENUM_CONVERSION = YES;
				CLANG_WARN_INFINITE_RECURSION = YES;
				CLANG_WARN_INT_CONVERSION = YES;
				CLANG_WARN_NON_LITERAL_NULL_CONVERSION = YES;
				CLANG_WARN_OBJC_IMPLICIT_RETAIN_SELF = YES;
				CLANG_WARN_OBJC_LITERAL_CONVERSION = YES;
				CLANG_WARN_OBJC_ROOT_CLASS = YES_ERROR;
				CLANG_WARN_QUOTED_INCLUDE_IN_FRAMEWORK_HEADER = YES;
				CLANG_WARN_RANGE_LOOP_ANALYSIS = YES;
				CLANG_WARN_STRICT_PROTOTYPES = YES;
				CLANG_WARN_SUSPICIOUS_MOVE = YES;
				CLANG_WARN_UNGUARDED_AVAILABILITY = YES_AGGRESSIVE;
				CLANG_WARN_UNREACHABLE_CODE = YES;
				CLANG_WARN__DUPLICATE_METHOD_MATCH = YES;
				COPY_PHASE_STRIP = NO;
				DEBUG_INFORMATION_FORMAT = "dwarf-with-dsym";
				ENABLE_NS_ASSERTIONS = NO;
				ENABLE_STRICT_OBJC_MSGSEND = YES;
				ENABLE_USER_SCRIPT_SANDBOXING = YES;
				GCC_C_LANGUAGE_STANDARD = gnu17;
				GCC_NO_COMMON_BLOCKS = YES;
				GCC_WARN_64_TO_32_BIT_CONVERSION = YES;
				GCC_WARN_ABOUT_RETURN_TYPE = YES_ERROR;
				GCC_WARN_UNDECLARED_SELECTOR = YES;
				GCC_WARN_UNINITIALIZED_AUTOS = YES_AGGRESSIVE;
				GCC_WARN_UNUSED_FUNCTION = YES;
				GCC_WARN_UNUSED_VARIABLE = YES;
				IPHONEOS_DEPLOYMENT_TARGET = 17.4;
				LOCALIZATION_PREFERS_STRING_CATALOGS = YES;
				MTL_ENABLE_DEBUG_INFO = NO;
				MTL_FAST_MATH = YES;
				SDKROOT = iphoneos;
				SWIFT_COMPILATION_MODE = wholemodule;
				VALIDATE_PRODUCT = YES;
			};
			name = Release;
		};
		7DEB2B9A2BA1574B008B9425 /* Debug */ = {
			isa = XCBuildConfiguration;
			buildSettings = {
				ASSETCATALOG_COMPILER_APPICON_NAME = AppIcon;
				ASSETCATALOG_COMPILER_GLOBAL_ACCENT_COLOR_NAME = AccentColor;
				CODE_SIGN_STYLE = Automatic;
				CURRENT_PROJECT_VERSION = 1;
				DEVELOPMENT_ASSET_PATHS = "\"LittleLemonFinal/Preview Content\"";
				ENABLE_PREVIEWS = YES;
				GENERATE_INFOPLIST_FILE = YES;
				INFOPLIST_KEY_UIApplicationSceneManifest_Generation = YES;
				INFOPLIST_KEY_UIApplicationSupportsIndirectInputEvents = YES;
				INFOPLIST_KEY_UILaunchScreen_Generation = YES;
				INFOPLIST_KEY_UISupportedInterfaceOrientations_iPad = "UIInterfaceOrientationPortrait UIInterfaceOrientationPortraitUpsideDown UIInterfaceOrientationLandscapeLeft UIInterfaceOrientationLandscapeRight";
				INFOPLIST_KEY_UISupportedInterfaceOrientations_iPhone = "UIInterfaceOrientationPortrait UIInterfaceOrientationLandscapeLeft UIInterfaceOrientationLandscapeRight";
				LD_RUNPATH_SEARCH_PATHS = (
					"$(inherited)",
					"@executable_path/Frameworks",
				);
				MARKETING_VERSION = 1.0;
				PRODUCT_BUNDLE_IDENTIFIER = mycompany.LittleLemonFinal;
				PRODUCT_NAME = "$(TARGET_NAME)";
				SWIFT_EMIT_LOC_STRINGS = YES;
				SWIFT_VERSION = 5.0;
				TARGETED_DEVICE_FAMILY = "1,2";
			};
			name = Debug;
		};
		7DEB2B9B2BA1574B008B9425 /* Release */ = {
			isa = XCBuildConfiguration;
			buildSettings = {
				ASSETCATALOG_COMPILER_APPICON_NAME = AppIcon;
				ASSETCATALOG_COMPILER_GLOBAL_ACCENT_COLOR_NAME = AccentColor;
				CODE_SIGN_STYLE = Automatic;
				CURRENT_PROJECT_VERSION = 1;
				DEVELOPMENT_ASSET_PATHS = "\"LittleLemonFinal/Preview Content\"";
				ENABLE_PREVIEWS = YES;
				GENERATE_INFOPLIST_FILE = YES;
				INFOPLIST_KEY_UIApplicationSceneManifest_Generation = YES;
				INFOPLIST_KEY_UIApplicationSupportsIndirectInputEvents = YES;
				INFOPLIST_KEY_UILaunchScreen_Generation = YES;
				INFOPLIST_KEY_UISupportedInterfaceOrientations_iPad = "UIInterfaceOrientationPortrait UIInterfaceOrientationPortraitUpsideDown UIInterfaceOrientationLandscapeLeft UIInterfaceOrientationLandscapeRight";
				INFOPLIST_KEY_UISupportedInterfaceOrientations_iPhone = "UIInterfaceOrientationPortrait UIInterfaceOrientationLandscapeLeft UIInterfaceOrientationLandscapeRight";
				LD_RUNPATH_SEARCH_PATHS = (
					"$(inherited)",
					"@executable_path/Frameworks",
				);
				MARKETING_VERSION = 1.0;
				PRODUCT_BUNDLE_IDENTIFIER = mycompany.LittleLemonFinal;
				PRODUCT_NAME = "$(TARGET_NAME)";
				SWIFT_EMIT_LOC_STRINGS = YES;
				SWIFT_VERSION = 5.0;
				TARGETED_DEVICE_FAMILY = "1,2";
			};
			name = Release;
		};
		7DEB2B9D2BA1574B008B9425 /* Debug */ = {
			isa = XCBuildConfiguration;
			buildSettings = {
				ALWAYS_EMBED_SWIFT_STANDARD_LIBRARIES = YES;
				BUNDLE_LOADER = "$(TEST_HOST)";
				CODE_SIGN_STYLE = Automatic;
				CURRENT_PROJECT_VERSION = 1;
				GENERATE_INFOPLIST_FILE = YES;
				IPHONEOS_DEPLOYMENT_TARGET = 17.4;
				MARKETING_VERSION = 1.0;
				PRODUCT_BUNDLE_IDENTIFIER = mycompany.LittleLemonFinalTests;
				PRODUCT_NAME = "$(TARGET_NAME)";
				SWIFT_EMIT_LOC_STRINGS = NO;
				SWIFT_VERSION = 5.0;
				TARGETED_DEVICE_FAMILY = "1,2";
				TEST_HOST = "$(BUILT_PRODUCTS_DIR)/LittleLemonFinal.app/$(BUNDLE_EXECUTABLE_FOLDER_PATH)/LittleLemonFinal";
			};
			name = Debug;
		};
		7DEB2B9E2BA1574B008B9425 /* Release */ = {
			isa = XCBuildConfiguration;
			buildSettings = {
				ALWAYS_EMBED_SWIFT_STANDARD_LIBRARIES = YES;
				BUNDLE_LOADER = "$(TEST_HOST)";
				CODE_SIGN_STYLE = Automatic;
				CURRENT_PROJECT_VERSION = 1;
				GENERATE_INFOPLIST_FILE = YES;
				IPHONEOS_DEPLOYMENT_TARGET = 17.4;
				MARKETING_VERSION = 1.0;
				PRODUCT_BUNDLE_IDENTIFIER = mycompany.LittleLemonFinalTests;
				PRODUCT_NAME = "$(TARGET_NAME)";
				SWIFT_EMIT_LOC_STRINGS = NO;
				SWIFT_VERSION = 5.0;
				TARGETED_DEVICE_FAMILY = "1,2";
				TEST_HOST = "$(BUILT_PRODUCTS_DIR)/LittleLemonFinal.app/$(BUNDLE_EXECUTABLE_FOLDER_PATH)/LittleLemonFinal";
			};
			name = Release;
		};
		7DEB2BA02BA1574B008B9425 /* Debug */ = {
			isa = XCBuildConfiguration;
			buildSettings = {
				ALWAYS_EMBED_SWIFT_STANDARD_LIBRARIES = YES;
				CODE_SIGN_STYLE = Automatic;
				CURRENT_PROJECT_VERSION = 1;
				GENERATE_INFOPLIST_FILE = YES;
				MARKETING_VERSION = 1.0;
				PRODUCT_BUNDLE_IDENTIFIER = mycompany.LittleLemonFinalUITests;
				PRODUCT_NAME = "$(TARGET_NAME)";
				SWIFT_EMIT_LOC_STRINGS = NO;
				SWIFT_VERSION = 5.0;
				TARGETED_DEVICE_FAMILY = "1,2";
				TEST_TARGET_NAME = LittleLemonFinal;
			};
			name = Debug;
		};
		7DEB2BA12BA1574B008B9425 /* Release */ = {
			isa = XCBuildConfiguration;
			buildSettings = {
				ALWAYS_EMBED_SWIFT_STANDARD_LIBRARIES = YES;
				CODE_SIGN_STYLE = Automatic;
				CURRENT_PROJECT_VERSION = 1;
				GENERATE_INFOPLIST_FILE = YES;
				MARKETING_VERSION = 1.0;
				PRODUCT_BUNDLE_IDENTIFIER = mycompany.LittleLemonFinalUITests;
				PRODUCT_NAME = "$(TARGET_NAME)";
				SWIFT_EMIT_LOC_STRINGS = NO;
				SWIFT_VERSION = 5.0;
				TARGETED_DEVICE_FAMILY = "1,2";
				TEST_TARGET_NAME = LittleLemonFinal;
			};
			name = Release;
		};
/* End XCBuildConfiguration section */

/* Begin XCConfigurationList section */
		7DEB2B6B2BA15749008B9425 /* Build configuration list for PBXProject "LittleLemonFinal" */ = {
			isa = XCConfigurationList;
			buildConfigurations = (
				7DEB2B972BA1574B008B9425 /* Debug */,
				7DEB2B982BA1574B008B9425 /* Release */,
			);
			defaultConfigurationIsVisible = 0;
			defaultConfigurationName = Release;
		};
		7DEB2B992BA1574B008B9425 /* Build configuration list for PBXNativeTarget "LittleLemonFinal" */ = {
			isa = XCConfigurationList;
			buildConfigurations = (
				7DEB2B9A2BA1574B008B9425 /* Debug */,
				7DEB2B9B2BA1574B008B9425 /* Release */,
			);
			defaultConfigurationIsVisible = 0;
			defaultConfigurationName = Release;
		};
		7DEB2B9C2BA1574B008B9425 /* Build configuration list for PBXNativeTarget "LittleLemonFinalTests" */ = {
			isa = XCConfigurationList;
			buildConfigurations = (
				7DEB2B9D2BA1574B008B9425 /* Debug */,
				7DEB2B9E2BA1574B008B9425 /* Release */,
			);
			defaultConfigurationIsVisible = 0;
			defaultConfigurationName = Release;
		};
		7DEB2B9F2BA1574B008B9425 /* Build configuration list for PBXNativeTarget "LittleLemonFinalUITests" */ = {
			isa = XCConfigurationList;
			buildConfigurations = (
				7DEB2BA02BA1574B008B9425 /* Debug */,
				7DEB2BA12BA1574B008B9425 /* Release */,
			);
			defaultConfigurationIsVisible = 0;
			defaultConfigurationName = Release;
		};
/* End XCConfigurationList section */

/* Begin XCVersionGroup section */
		7DEB2B7E2BA1574A008B9425 /* LittleLemonFinal.xcdatamodeld */ = {
			isa = XCVersionGroup;
			children = (
				7DEB2B7F2BA1574A008B9425 /* LittleLemonFinal.xcdatamodel */,
			);
			currentVersion = 7DEB2B7F2BA1574A008B9425 /* LittleLemonFinal.xcdatamodel */;
			path = LittleLemonFinal.xcdatamodeld;
			sourceTree = "<group>";
			versionGroupType = wrapper.xcdatamodel;
		};
/* End XCVersionGroup section */
	};
	rootObject = 7DEB2B682BA15749008B9425 /* Project object */;
}
